
Microsoft Visual Studio Solution File, Format Version 12.00
# Visual Studio Version 17
VisualStudioVersion = 17.2.32630.192
MinimumVisualStudioVersion = 10.0.40219.1
Project("{FAE04EC0-301F-11D3-BF4B-00C04F79EFBC}") = "AJAX HELPERS Ajax.BeginForm() IN MVC", "AJAX HELPERS Ajax.BeginForm() IN MVC\AJAX HELPERS Ajax.BeginForm() IN MVC.csproj", "{B99CE879-60B1-48E8-8D19-4F04D73131DA}"
EndProject
Global
	GlobalSection(SolutionConfigurationPlatforms) = preSolution
		Debug|Any CPU = Debug|Any CPU
		Release|Any CPU = Release|Any CPU
	EndGlobalSection
	GlobalSection(ProjectConfigurationPlatforms) = postSolution
		{B99CE879-60B1-48E8-8D19-4F04D73131DA}.Debug|Any CPU.ActiveCfg = Debug|Any CPU
		{B99CE879-60B1-48E8-8D19-4F04D73131DA}.Debug|Any CPU.Build.0 = Debug|Any CPU
		{B99CE879-60B1-48E8-8D19-4F04D73131DA}.Release|Any CPU.ActiveCfg = Release|Any CPU
		{B99CE879-60B1-48E8-8D19-4F04D73131DA}.Release|Any CPU.Build.0 = Release|Any CPU
	EndGlobalSection
	GlobalSection(SolutionProperties) = preSolution
		HideSolutionNode = FALSE
	EndGlobalSection
	GlobalSection(ExtensibilityGlobals) = postSolution
		SolutionGuid = {DE0CE06D-A849-4169-966D-8D4EE93B4718}
	EndGlobalSection
EndGlobal
