
Microsoft Visual Studio Solution File, Format Version 12.00
# Visual Studio Version 17
VisualStudioVersion = 17.2.32630.192
MinimumVisualStudioVersion = 10.0.40219.1
Project("{FAE04EC0-301F-11D3-BF4B-00C04F79EFBC}") = "asp.net in mvc  (4)", "asp.net in mvc  (4)\asp.net in mvc  (4).csproj", "{8D1F92AE-B12C-4B0E-B835-07D9613DED64}"
EndProject
Global
	GlobalSection(SolutionConfigurationPlatforms) = preSolution
		Debug|Any CPU = Debug|Any CPU
		Release|Any CPU = Release|Any CPU
	EndGlobalSection
	GlobalSection(ProjectConfigurationPlatforms) = postSolution
		{8D1F92AE-B12C-4B0E-B835-07D9613DED64}.Debug|Any CPU.ActiveCfg = Debug|Any CPU
		{8D1F92AE-B12C-4B0E-B835-07D9613DED64}.Debug|Any CPU.Build.0 = Debug|Any CPU
		{8D1F92AE-B12C-4B0E-B835-07D9613DED64}.Release|Any CPU.ActiveCfg = Release|Any CPU
		{8D1F92AE-B12C-4B0E-B835-07D9613DED64}.Release|Any CPU.Build.0 = Release|Any CPU
	EndGlobalSection
	GlobalSection(SolutionProperties) = preSolution
		HideSolutionNode = FALSE
	EndGlobalSection
	GlobalSection(ExtensibilityGlobals) = postSolution
		SolutionGuid = {FE921D07-0D21-4578-8593-D3EB4F2A33DD}
	EndGlobalSection
EndGlobal
