
Microsoft Visual Studio Solution File, Format Version 12.00
# Visual Studio Version 17
VisualStudioVersion = 17.2.32630.192
MinimumVisualStudioVersion = 10.0.40219.1
Project("{FAE04EC0-301F-11D3-BF4B-00C04F79EFBC}") = "ConsoleApp11", "ConsoleApp11\ConsoleApp11.csproj", "{1F138BE7-C265-4EFB-952A-1E14B4D5BD53}"
EndProject
Global
	GlobalSection(SolutionConfigurationPlatforms) = preSolution
		Debug|Any CPU = Debug|Any CPU
		Release|Any CPU = Release|Any CPU
	EndGlobalSection
	GlobalSection(ProjectConfigurationPlatforms) = postSolution
		{1F138BE7-C265-4EFB-952A-1E14B4D5BD53}.Debug|Any CPU.ActiveCfg = Debug|Any CPU
		{1F138BE7-C265-4EFB-952A-1E14B4D5BD53}.Debug|Any CPU.Build.0 = Debug|Any CPU
		{1F138BE7-C265-4EFB-952A-1E14B4D5BD53}.Release|Any CPU.ActiveCfg = Release|Any CPU
		{1F138BE7-C265-4EFB-952A-1E14B4D5BD53}.Release|Any CPU.Build.0 = Release|Any CPU
	EndGlobalSection
	GlobalSection(SolutionProperties) = preSolution
		HideSolutionNode = FALSE
	EndGlobalSection
	GlobalSection(ExtensibilityGlobals) = postSolution
		SolutionGuid = {15B3395B-A84B-447A-8D80-44E36B3E1B64}
	EndGlobalSection
EndGlobal
