
Microsoft Visual Studio Solution File, Format Version 12.00
# Visual Studio Version 17
VisualStudioVersion = 17.2.32630.192
MinimumVisualStudioVersion = 10.0.40219.1
Project("{FAE04EC0-301F-11D3-BF4B-00C04F79EFBC}") = "asp.net in mvc  10", "asp.net in mvc  10\asp.net in mvc  10.csproj", "{B1820840-94B0-41EE-8086-EBCC1F5A74D0}"
EndProject
Global
	GlobalSection(SolutionConfigurationPlatforms) = preSolution
		Debug|Any CPU = Debug|Any CPU
		Release|Any CPU = Release|Any CPU
	EndGlobalSection
	GlobalSection(ProjectConfigurationPlatforms) = postSolution
		{B1820840-94B0-41EE-8086-EBCC1F5A74D0}.Debug|Any CPU.ActiveCfg = Debug|Any CPU
		{B1820840-94B0-41EE-8086-EBCC1F5A74D0}.Debug|Any CPU.Build.0 = Debug|Any CPU
		{B1820840-94B0-41EE-8086-EBCC1F5A74D0}.Release|Any CPU.ActiveCfg = Release|Any CPU
		{B1820840-94B0-41EE-8086-EBCC1F5A74D0}.Release|Any CPU.Build.0 = Release|Any CPU
	EndGlobalSection
	GlobalSection(SolutionProperties) = preSolution
		HideSolutionNode = FALSE
	EndGlobalSection
	GlobalSection(ExtensibilityGlobals) = postSolution
		SolutionGuid = {76B7E52E-6EDB-4BB4-8981-E8DF14DF52C3}
	EndGlobalSection
EndGlobal
