
Microsoft Visual Studio Solution File, Format Version 12.00
# Visual Studio Version 17
VisualStudioVersion = 17.4.33205.214
MinimumVisualStudioVersion = 10.0.40219.1
Project("{FAE04EC0-301F-11D3-BF4B-00C04F79EFBC}") = "Inheritance", "Inheritance\Inheritance.csproj", "{8F68F2F8-F375-4181-B9E3-6DA610C17938}"
EndProject
Global
	GlobalSection(SolutionConfigurationPlatforms) = preSolution
		Debug|Any CPU = Debug|Any CPU
		Release|Any CPU = Release|Any CPU
	EndGlobalSection
	GlobalSection(ProjectConfigurationPlatforms) = postSolution
		{8F68F2F8-F375-4181-B9E3-6DA610C17938}.Debug|Any CPU.ActiveCfg = Debug|Any CPU
		{8F68F2F8-F375-4181-B9E3-6DA610C17938}.Debug|Any CPU.Build.0 = Debug|Any CPU
		{8F68F2F8-F375-4181-B9E3-6DA610C17938}.Release|Any CPU.ActiveCfg = Release|Any CPU
		{8F68F2F8-F375-4181-B9E3-6DA610C17938}.Release|Any CPU.Build.0 = Release|Any CPU
	EndGlobalSection
	GlobalSection(SolutionProperties) = preSolution
		HideSolutionNode = FALSE
	EndGlobalSection
	GlobalSection(ExtensibilityGlobals) = postSolution
		SolutionGuid = {F6AF9B0F-018D-4151-86BB-82F0008911A9}
	EndGlobalSection
EndGlobal
