
Microsoft Visual Studio Solution File, Format Version 12.00
# Visual Studio Version 17
VisualStudioVersion = 17.2.32630.192
MinimumVisualStudioVersion = 10.0.40219.1
Project("{FAE04EC0-301F-11D3-BF4B-00C04F79EFBC}") = "CODE FIRST APPROACH OF ENTITY FRAMEWORK IN ASP.NET MVC30", "CODE FIRST APPROACH OF ENTITY FRAMEWORK IN ASP.NET MVC30\CODE FIRST APPROACH OF ENTITY FRAMEWORK IN ASP.NET MVC30.csproj", "{568EAFF7-CDBA-4105-966D-980FB2F1756A}"
EndProject
Global
	GlobalSection(SolutionConfigurationPlatforms) = preSolution
		Debug|Any CPU = Debug|Any CPU
		Release|Any CPU = Release|Any CPU
	EndGlobalSection
	GlobalSection(ProjectConfigurationPlatforms) = postSolution
		{568EAFF7-CDBA-4105-966D-980FB2F1756A}.Debug|Any CPU.ActiveCfg = Debug|Any CPU
		{568EAFF7-CDBA-4105-966D-980FB2F1756A}.Debug|Any CPU.Build.0 = Debug|Any CPU
		{568EAFF7-CDBA-4105-966D-980FB2F1756A}.Release|Any CPU.ActiveCfg = Release|Any CPU
		{568EAFF7-CDBA-4105-966D-980FB2F1756A}.Release|Any CPU.Build.0 = Release|Any CPU
	EndGlobalSection
	GlobalSection(SolutionProperties) = preSolution
		HideSolutionNode = FALSE
	EndGlobalSection
	GlobalSection(ExtensibilityGlobals) = postSolution
		SolutionGuid = {D598FB79-6167-4771-B5FC-5688A678C355}
	EndGlobalSection
EndGlobal
