
Microsoft Visual Studio Solution File, Format Version 12.00
# Visual Studio Version 17
VisualStudioVersion = 17.2.32630.192
MinimumVisualStudioVersion = 10.0.40219.1
Project("{FAE04EC0-301F-11D3-BF4B-00C04F79EFBC}") = "UPDATE ENTITY DATA MODEL USING ENTITY FRAMEWORK  46", "UPDATE ENTITY DATA MODEL USING ENTITY FRAMEWORK  46\UPDATE ENTITY DATA MODEL USING ENTITY FRAMEWORK  46.csproj", "{C2482A8C-A14E-4AE3-BE12-032345334E94}"
EndProject
Global
	GlobalSection(SolutionConfigurationPlatforms) = preSolution
		Debug|Any CPU = Debug|Any CPU
		Release|Any CPU = Release|Any CPU
	EndGlobalSection
	GlobalSection(ProjectConfigurationPlatforms) = postSolution
		{C2482A8C-A14E-4AE3-BE12-032345334E94}.Debug|Any CPU.ActiveCfg = Debug|Any CPU
		{C2482A8C-A14E-4AE3-BE12-032345334E94}.Debug|Any CPU.Build.0 = Debug|Any CPU
		{C2482A8C-A14E-4AE3-BE12-032345334E94}.Release|Any CPU.ActiveCfg = Release|Any CPU
		{C2482A8C-A14E-4AE3-BE12-032345334E94}.Release|Any CPU.Build.0 = Release|Any CPU
	EndGlobalSection
	GlobalSection(SolutionProperties) = preSolution
		HideSolutionNode = FALSE
	EndGlobalSection
	GlobalSection(ExtensibilityGlobals) = postSolution
		SolutionGuid = {55987DA6-FDC0-4ED4-82CB-5E6F3090C310}
	EndGlobalSection
EndGlobal
