
Microsoft Visual Studio Solution File, Format Version 12.00
# Visual Studio Version 17
VisualStudioVersion = 17.2.32630.192
MinimumVisualStudioVersion = 10.0.40219.1
Project("{FAE04EC0-301F-11D3-BF4B-00C04F79EFBC}") = "asp.net READ ONLY DATA ANNOTATION 27", "asp.net READ ONLY DATA ANNOTATION 27\asp.net READ ONLY DATA ANNOTATION 27.csproj", "{A03C6BB0-7E41-4147-8785-A675F5864D77}"
EndProject
Global
	GlobalSection(SolutionConfigurationPlatforms) = preSolution
		Debug|Any CPU = Debug|Any CPU
		Release|Any CPU = Release|Any CPU
	EndGlobalSection
	GlobalSection(ProjectConfigurationPlatforms) = postSolution
		{A03C6BB0-7E41-4147-8785-A675F5864D77}.Debug|Any CPU.ActiveCfg = Debug|Any CPU
		{A03C6BB0-7E41-4147-8785-A675F5864D77}.Debug|Any CPU.Build.0 = Debug|Any CPU
		{A03C6BB0-7E41-4147-8785-A675F5864D77}.Release|Any CPU.ActiveCfg = Release|Any CPU
		{A03C6BB0-7E41-4147-8785-A675F5864D77}.Release|Any CPU.Build.0 = Release|Any CPU
	EndGlobalSection
	GlobalSection(SolutionProperties) = preSolution
		HideSolutionNode = FALSE
	EndGlobalSection
	GlobalSection(ExtensibilityGlobals) = postSolution
		SolutionGuid = {EFC6AD68-62C4-4DD5-BB9B-45A773EAED55}
	EndGlobalSection
EndGlobal
