
Microsoft Visual Studio Solution File, Format Version 12.00
# Visual Studio Version 17
VisualStudioVersion = 17.2.32630.192
MinimumVisualStudioVersion = 10.0.40219.1
Project("{FAE04EC0-301F-11D3-BF4B-00C04F79EFBC}") = "ConsoleApp6", "ConsoleApp6\ConsoleApp6.csproj", "{4A24E48E-163F-45A1-A78E-56B2511EEECC}"
EndProject
Global
	GlobalSection(SolutionConfigurationPlatforms) = preSolution
		Debug|Any CPU = Debug|Any CPU
		Release|Any CPU = Release|Any CPU
	EndGlobalSection
	GlobalSection(ProjectConfigurationPlatforms) = postSolution
		{4A24E48E-163F-45A1-A78E-56B2511EEECC}.Debug|Any CPU.ActiveCfg = Debug|Any CPU
		{4A24E48E-163F-45A1-A78E-56B2511EEECC}.Debug|Any CPU.Build.0 = Debug|Any CPU
		{4A24E48E-163F-45A1-A78E-56B2511EEECC}.Release|Any CPU.ActiveCfg = Release|Any CPU
		{4A24E48E-163F-45A1-A78E-56B2511EEECC}.Release|Any CPU.Build.0 = Release|Any CPU
	EndGlobalSection
	GlobalSection(SolutionProperties) = preSolution
		HideSolutionNode = FALSE
	EndGlobalSection
	GlobalSection(ExtensibilityGlobals) = postSolution
		SolutionGuid = {293E2C93-AE96-4A3A-A5D0-790079C5B676}
	EndGlobalSection
EndGlobal
