
Microsoft Visual Studio Solution File, Format Version 12.00
# Visual Studio Version 17
VisualStudioVersion = 17.2.32630.192
MinimumVisualStudioVersion = 10.0.40219.1
Project("{FAE04EC0-301F-11D3-BF4B-00C04F79EFBC}") = "CREATING SIGNUP WITH LOGIN WITH SESSION AND LOGOUT", "CREATING SIGNUP WITH LOGIN WITH SESSION AND LOGOUT\CREATING SIGNUP WITH LOGIN WITH SESSION AND LOGOUT.csproj", "{4C2ED4FA-CFB5-4BD7-9AAF-4ED4AF1AC7F9}"
EndProject
Global
	GlobalSection(SolutionConfigurationPlatforms) = preSolution
		Debug|Any CPU = Debug|Any CPU
		Release|Any CPU = Release|Any CPU
	EndGlobalSection
	GlobalSection(ProjectConfigurationPlatforms) = postSolution
		{4C2ED4FA-CFB5-4BD7-9AAF-4ED4AF1AC7F9}.Debug|Any CPU.ActiveCfg = Debug|Any CPU
		{4C2ED4FA-CFB5-4BD7-9AAF-4ED4AF1AC7F9}.Debug|Any CPU.Build.0 = Debug|Any CPU
		{4C2ED4FA-CFB5-4BD7-9AAF-4ED4AF1AC7F9}.Release|Any CPU.ActiveCfg = Release|Any CPU
		{4C2ED4FA-CFB5-4BD7-9AAF-4ED4AF1AC7F9}.Release|Any CPU.Build.0 = Release|Any CPU
	EndGlobalSection
	GlobalSection(SolutionProperties) = preSolution
		HideSolutionNode = FALSE
	EndGlobalSection
	GlobalSection(ExtensibilityGlobals) = postSolution
		SolutionGuid = {7092AB25-5FF3-4BAC-AD5D-561979002D0C}
	EndGlobalSection
EndGlobal
