
Microsoft Visual Studio Solution File, Format Version 12.00
# Visual Studio Version 17
VisualStudioVersion = 17.2.32630.192
MinimumVisualStudioVersion = 10.0.40219.1
Project("{FAE04EC0-301F-11D3-BF4B-00C04F79EFBC}") = "asp.net StronglyTypePartialView in mvc 18", "asp.net StronglyTypePartialView in mvc 18\asp.net StronglyTypePartialView in mvc 18.csproj", "{607A06BF-048C-495B-B030-B5E0AC1B9EAA}"
EndProject
Global
	GlobalSection(SolutionConfigurationPlatforms) = preSolution
		Debug|Any CPU = Debug|Any CPU
		Release|Any CPU = Release|Any CPU
	EndGlobalSection
	GlobalSection(ProjectConfigurationPlatforms) = postSolution
		{607A06BF-048C-495B-B030-B5E0AC1B9EAA}.Debug|Any CPU.ActiveCfg = Debug|Any CPU
		{607A06BF-048C-495B-B030-B5E0AC1B9EAA}.Debug|Any CPU.Build.0 = Debug|Any CPU
		{607A06BF-048C-495B-B030-B5E0AC1B9EAA}.Release|Any CPU.ActiveCfg = Release|Any CPU
		{607A06BF-048C-495B-B030-B5E0AC1B9EAA}.Release|Any CPU.Build.0 = Release|Any CPU
	EndGlobalSection
	GlobalSection(SolutionProperties) = preSolution
		HideSolutionNode = FALSE
	EndGlobalSection
	GlobalSection(ExtensibilityGlobals) = postSolution
		SolutionGuid = {26294FE8-AF78-43C5-BD99-C499EBAC67E0}
	EndGlobalSection
EndGlobal
